{
  "name": "moonbird-arena",
  "version": "1.0.0",
  "lockfileVersion": 3,
  "requires": true,
  "packages": {
    "": {
      "name": "moonbird-arena",
      "version": "1.0.0",
      "license": "ISC",
      "dependencies": {
        "jsfxr": "^1.4.0"
      }
    },
    "node_modules/jsfxr": {
      "version": "1.4.0",
      "resolved": "https://registry.npmjs.org/jsfxr/-/jsfxr-1.4.0.tgz",
      "integrity": "sha512-izrgCMfJKEcut8f8YXps5gSk1N0Lf3GLcEAxm42+XYZL2JbYjhVrlmRughzQ+Xzeg9sp5blG6jzkwBa6Goy1Vg==",
      "bin": {
        "sfxr-to-wav": "sfxr-to-wav"
      }
    }
  }
}
